PODS:
  - Alamofire (4.9.0)
  - AlamofireImage (3.5.2):
    - Alamofire (~> 4.8)
  - AlamofireObjectMapper (5.2.1):
    - Alamofire (~> 4.7)
    - ObjectMapper (~> 3.4)
  - GoogleMaps (3.5.0):
    - GoogleMaps/Maps (= 3.5.0)
  - GoogleMaps/Base (3.5.0)
  - GoogleMaps/Maps (3.5.0):
    - GoogleMaps/Base
  - ImageSlideshow (1.8.1):
    - ImageSlideshow/Core (= 1.8.1)
  - ImageSlideshow/Alamofire (1.8.1):
    - AlamofireImage (~> 3.0)
    - ImageSlideshow/Core
  - ImageSlideshow/Core (1.8.1)
  - IQKeyboardManagerSwift (6.5.1)
  - KeychainAccess (3.2.0)
  - Moya (13.0.1):
    - Moya/Core (= 13.0.1)
  - Moya/Core (13.0.1):
    - Alamofire (~> 4.1)
    - Result (~> 4.1)
  - Moya/RxSwift (13.0.1):
    - Moya/Core
    - RxSwift (~> 4.0)
  - ObjectMapper (3.5.1)
  - R.swift (5.0.3):
    - R.swift.Library (~> 5.0.0)
  - R.swift.Library (5.0.1)
  - Result (4.1.0)
  - RxCocoa (4.5.0):
    - RxSwift (>= 4.4.2, ~> 4.4)
  - RxGesture (2.2.0):
    - RxCocoa (~> 4.5)
    - RxSwift (~> 4.5)
  - RxOptional (3.6.2):
    - RxCocoa (~> 4.0)
    - RxSwift (~> 4.0)
  - RxSwift (4.5.0)
  - SkyFloatingLabelTextField (3.7.0)
  - SVProgressHUD (2.2.5)
  - SwifterSwift (5.1.0):
    - SwifterSwift/AppKit (= 5.1.0)
    - SwifterSwift/CoreGraphics (= 5.1.0)
    - SwifterSwift/CoreLocation (= 5.1.0)
    - SwifterSwift/Dispatch (= 5.1.0)
    - SwifterSwift/Foundation (= 5.1.0)
    - SwifterSwift/MapKit (= 5.1.0)
    - SwifterSwift/SceneKit (= 5.1.0)
    - SwifterSwift/SpriteKit (= 5.1.0)
    - SwifterSwift/SwiftStdlib (= 5.1.0)
    - SwifterSwift/UIKit (= 5.1.0)
  - SwifterSwift/AppKit (5.1.0)
  - SwifterSwift/CoreGraphics (5.1.0)
  - SwifterSwift/CoreLocation (5.1.0)
  - SwifterSwift/Dispatch (5.1.0)
  - SwifterSwift/Foundation (5.1.0)
  - SwifterSwift/MapKit (5.1.0)
  - SwifterSwift/SceneKit (5.1.0)
  - SwifterSwift/SpriteKit (5.1.0)
  - SwifterSwift/SwiftStdlib (5.1.0)
  - SwifterSwift/UIKit (5.1.0)

DEPENDENCIES:
  - Alamofire
  - AlamofireImage
  - AlamofireObjectMapper
  - GoogleMaps
  - ImageSlideshow
  - ImageSlideshow/Alamofire
  - IQKeyboardManagerSwift
  - KeychainAccess
  - Moya
  - Moya/RxSwift
  - ObjectMapper
  - R.swift
  - RxCocoa
  - RxGesture
  - RxOptional
  - RxSwift
  - SkyFloatingLabelTextField
  - SVProgressHUD
  - SwifterSwift

SPEC REPOS:
  trunk:
    - Alamofire
    - AlamofireImage
    - AlamofireObjectMapper
    - GoogleMaps
    - ImageSlideshow
    - IQKeyboardManagerSwift
    - KeychainAccess
    - Moya
    - ObjectMapper
    - R.swift
    - R.swift.Library
    - Result
    - RxCocoa
    - RxGesture
    - RxOptional
    - RxSwift
    - SkyFloatingLabelTextField
    - SVProgressHUD
    - SwifterSwift

SPEC CHECKSUMS:
  Alamofire: afc3e7c6db61476cb45cdd23fed06bad03bbc321
  AlamofireImage: 63cfe3baf1370be6c498149687cf6db3e3b00999
  AlamofireObjectMapper: 1989f690e982b71921b9253f53a4f33a9bc00d88
  GoogleMaps: 32ca02de09de357a10ac773f2c70f1986751392d
  ImageSlideshow: 634865d7d4e96f21e3830a31b51bde768cc94cea
  IQKeyboardManagerSwift: 9ac7524fad9f9fe9a3b98c927e7772471ca546d2
  KeychainAccess: 3b1bf8a77eb4c6ea1ce9404c292e48f948954c6b
  Moya: f4a4b80ff2f8a4ffc208dfb31cd91636622fee6e
  ObjectMapper: 70187b8941977c62ccfb423caf6b50be405cabf0
  R.swift: f5a87643b91ea569d23d6afb3eee9c743edde239
  R.swift.Library: cfe85d569d9bae6cb262922db130e7c3a7a5fad1
  Result: bd966fac789cc6c1563440b348ab2598cc24d5c7
  RxCocoa: cbf70265dc65a981d4ac982e513c10cf23df24a0
  RxGesture: c1b7bf17166b0ef9d642a9510f8bac5785f18990
  RxOptional: 80426a0ddbd092573e4c482d8cc13302078c4d5e
  RxSwift: f172070dfd1a93d70a9ab97a5a01166206e1c575
  SkyFloatingLabelTextField: 4b46db0ab1ccde0919cded29c656e6b4805eda04
  SVProgressHUD: 1428aafac632c1f86f62aa4243ec12008d7a51d6
  SwifterSwift: a9e8e144832638c2850b43da5feaf9598c6ad65b

PODFILE CHECKSUM: f27967000f7fe0d9956e86c7051e608deeaf5b0e

COCOAPODS: 1.8.3
